
Microsoft Visual Studio Solution File, Format Version 12.00
# Visual Studio Version 16
VisualStudioVersion = 16.0.34601.136
MinimumVisualStudioVersion = 10.0.40219.1
Project("{FAE04EC0-301F-11D3-BF4B-00C04F79EFBC}") = "BDO Info Scraper", "BDO Info Scraper.csproj", "{6A970216-3CCA-4AFD-BF09-F17EA227C477}"
EndProject
Global
	GlobalSection(SolutionConfigurationPlatforms) = preSolution
		Debug|Any CPU = Debug|Any CPU
		Release|Any CPU = Release|Any CPU
	EndGlobalSection
	GlobalSection(ProjectConfigurationPlatforms) = postSolution
		{6A970216-3CCA-4AFD-BF09-F17EA227C477}.Debug|Any CPU.ActiveCfg = Debug|Any CPU
		{6A970216-3CCA-4AFD-BF09-F17EA227C477}.Debug|Any CPU.Build.0 = Debug|Any CPU
		{6A970216-3CCA-4AFD-BF09-F17EA227C477}.Release|Any CPU.ActiveCfg = Release|Any CPU
		{6A970216-3CCA-4AFD-BF09-F17EA227C477}.Release|Any CPU.Build.0 = Release|Any CPU
	EndGlobalSection
	GlobalSection(SolutionProperties) = preSolution
		HideSolutionNode = FALSE
	EndGlobalSection
	GlobalSection(ExtensibilityGlobals) = postSolution
		SolutionGuid = {321C4739-DDFA-4536-B556-426533EC0606}
	EndGlobalSection
EndGlobal
